<?xml version="1.0" encoding="utf-8"?>
<Project ToolsVersion="4.0" xmlns="http://schemas.microsoft.com/developer/msbuild/2003">
  <ItemGroup>
    <Filter Include="Source Files">
      <UniqueIdentifier>{4FC737F1-C7A5-4376-A066-2A32D752A2FF}</UniqueIdentifier>
      <Extensions>cpp;c;cc;cxx;def;odl;idl;hpj;bat;asm;asmx</Extensions>
    </Filter>
    <Filter Include="Header Files">
      <UniqueIdentifier>{93995380-89BD-4b04-88EB-625FBE52EBFB}</UniqueIdentifier>
      <Extensions>h;hpp;hxx;hm;inl;inc;xsd</Extensions>
    </Filter>
    <Filter Include="Resource Files">
      <UniqueIdentifier>{67DA6AB6-F800-4c08-8B7A-83BB121AAD01}</UniqueIdentifier>
      <Extensions>rc;ico;cur;bmp;dlg;rc2;rct;bin;rgs;gif;jpg;jpeg;jpe;resx;tiff;tif;png;wav;mfcribbon-ms</Extensions>
    </Filter>
    <Filter Include="Header Files\3rdparty">
      <UniqueIdentifier>{d039ba61-b8ee-48ca-8bfa-e87a159183f3}</UniqueIdentifier>
    </Filter>
    <Filter Include="Header Files\3rdparty\json">
      <UniqueIdentifier>{1e572efa-8ff4-45fa-8180-cc44e64cc90e}</UniqueIdentifier>
    </Filter>
    <Filter Include="Source Files\3rdparty">
      <UniqueIdentifier>{e36767a5-283e-466e-bec5-a2c1256eb3cc}</UniqueIdentifier>
    </Filter>
    <Filter Include="Source Files\3rdparty\json">
      <UniqueIdentifier>{593d6157-d151-41d3-bafc-016662e5e374}</UniqueIdentifier>
    </Filter>
    <Filter Include="Header Files\taint">
      <UniqueIdentifier>{88069ee4-ab8a-41c4-a30f-3439a95b6be2}</UniqueIdentifier>
    </Filter>
    <Filter Include="Source Files\taint">
      <UniqueIdentifier>{669f15ec-3162-4a0f-8763-bde027c561fe}</UniqueIdentifier>
    </Filter>
    <Filter Include="Header Files\gui">
      <UniqueIdentifier>{9f122b0f-8713-4128-b1d5-3b3803a87a00}</UniqueIdentifier>
    </Filter>
    <Filter Include="Source Files\gui">
      <UniqueIdentifier>{73e5b7b4-e8c8-49ed-b0e8-2054dfc53720}</UniqueIdentifier>
    </Filter>
    <Filter Include="Header Files\static">
      <UniqueIdentifier>{373b660e-b157-4c82-8b70-71e6499f22fe}</UniqueIdentifier>
    </Filter>
    <Filter Include="Source Files\static">
      <UniqueIdentifier>{fd34186e-8ff1-461b-a298-9c560ac51ed0}</UniqueIdentifier>
    </Filter>
  </ItemGroup>
  <ItemGroup>
    <Text Include="ReadMe.txt" />
  </ItemGroup>
  <ItemGroup>
    <ClInclude Include="stdafx.h">
      <Filter>Header Files</Filter>
    </ClInclude>
    <ClInclude Include="targetver.h">
      <Filter>Header Files</Filter>
    </ClInclude>
    <ClInclude Include="Arietis.h">
      <Filter>Header Files</Filter>
    </ClInclude>
    <ClInclude Include="3rdparty\include\json\autolink.h">
      <Filter>Header Files\3rdparty\json</Filter>
    </ClInclude>
    <ClInclude Include="3rdparty\include\json\config.h">
      <Filter>Header Files\3rdparty\json</Filter>
    </ClInclude>
    <ClInclude Include="3rdparty\include\json\features.h">
      <Filter>Header Files\3rdparty\json</Filter>
    </ClInclude>
    <ClInclude Include="3rdparty\include\json\forwards.h">
      <Filter>Header Files\3rdparty\json</Filter>
    </ClInclude>
    <ClInclude Include="3rdparty\include\json\json.h">
      <Filter>Header Files\3rdparty\json</Filter>
    </ClInclude>
    <ClInclude Include="3rdparty\include\json\reader.h">
      <Filter>Header Files\3rdparty\json</Filter>
    </ClInclude>
    <ClInclude Include="3rdparty\include\json\value.h">
      <Filter>Header Files\3rdparty\json</Filter>
    </ClInclude>
    <ClInclude Include="3rdparty\include\json\writer.h">
      <Filter>Header Files\3rdparty\json</Filter>
    </ClInclude>
    <ClInclude Include="3rdparty\src\json\json_batchallocator.h">
      <Filter>Source Files\3rdparty\json</Filter>
    </ClInclude>
    <ClInclude Include="3rdparty\src\json\json_tool.h">
      <Filter>Source Files\3rdparty\json</Filter>
    </ClInclude>
    <ClInclude Include="taint\taint.h">
      <Filter>Header Files\taint</Filter>
    </ClInclude>
    <ClInclude Include="gui\gui.h">
      <Filter>Header Files\gui</Filter>
    </ClInclude>
    <ClInclude Include="gui\mainframe.h">
      <Filter>Header Files\gui</Filter>
    </ClInclude>
    <ClInclude Include="gui\logpanel.h">
      <Filter>Header Files\gui</Filter>
    </ClInclude>
    <ClInclude Include="gui\cpupanel.h">
      <Filter>Header Files\gui</Filter>
    </ClInclude>
    <ClInclude Include="utilities.h">
      <Filter>Header Files</Filter>
    </ClInclude>
    <ClInclude Include="parallel.h">
      <Filter>Header Files</Filter>
    </ClInclude>
    <ClInclude Include="debugger.h">
      <Filter>Header Files</Filter>
    </ClInclude>
    <ClInclude Include="engine.h">
      <Filter>Header Files</Filter>
    </ClInclude>
    <ClInclude Include="taint\taintengine.h">
      <Filter>Header Files\taint</Filter>
    </ClInclude>
    <ClInclude Include="static\disassembler.h">
      <Filter>Header Files\static</Filter>
    </ClInclude>
    <ClInclude Include="gui\contextpanel.h">
      <Filter>Header Files\gui</Filter>
    </ClInclude>
    <ClInclude Include="tracer.h">
      <Filter>Header Files</Filter>
    </ClInclude>
    <ClInclude Include="gui\tracepanel.h">
      <Filter>Header Files\gui</Filter>
    </ClInclude>
    <ClInclude Include="gui\custombase.h">
      <Filter>Header Files\gui</Filter>
    </ClInclude>
    <ClInclude Include="buildver.h">
      <Filter>Header Files</Filter>
    </ClInclude>
  </ItemGroup>
  <ItemGroup>
    <ClCompile Include="stdafx.cpp">
      <Filter>Source Files</Filter>
    </ClCompile>
    <ClCompile Include="Arietis.cpp">
      <Filter>Source Files</Filter>
    </ClCompile>
    <ClCompile Include="dllmain.cpp">
      <Filter>Source Files</Filter>
    </ClCompile>
    <ClCompile Include="3rdparty\src\json\json_reader.cpp">
      <Filter>Source Files\3rdparty\json</Filter>
    </ClCompile>
    <ClCompile Include="3rdparty\src\json\json_value.cpp">
      <Filter>Source Files\3rdparty\json</Filter>
    </ClCompile>
    <ClCompile Include="3rdparty\src\json\json_writer.cpp">
      <Filter>Source Files\3rdparty\json</Filter>
    </ClCompile>
    <ClCompile Include="taint\taint.cpp">
      <Filter>Source Files\taint</Filter>
    </ClCompile>
    <ClCompile Include="gui\gui.cpp">
      <Filter>Source Files\gui</Filter>
    </ClCompile>
    <ClCompile Include="gui\mainframe.cpp">
      <Filter>Source Files\gui</Filter>
    </ClCompile>
    <ClCompile Include="gui\logpanel.cpp">
      <Filter>Source Files\gui</Filter>
    </ClCompile>
    <ClCompile Include="gui\cpupanel.cpp">
      <Filter>Source Files\gui</Filter>
    </ClCompile>
    <ClCompile Include="utilities.cpp">
      <Filter>Source Files</Filter>
    </ClCompile>
    <ClCompile Include="parallel.cpp">
      <Filter>Source Files</Filter>
    </ClCompile>
    <ClCompile Include="debugger.cpp">
      <Filter>Source Files</Filter>
    </ClCompile>
    <ClCompile Include="engine.cpp">
      <Filter>Source Files</Filter>
    </ClCompile>
    <ClCompile Include="taint\taintengine.cpp">
      <Filter>Source Files\taint</Filter>
    </ClCompile>
    <ClCompile Include="static\disassembler.cpp">
      <Filter>Source Files\static</Filter>
    </ClCompile>
    <ClCompile Include="gui\contextpanel.cpp">
      <Filter>Source Files\gui</Filter>
    </ClCompile>
    <ClCompile Include="tracer.cpp">
      <Filter>Source Files</Filter>
    </ClCompile>
    <ClCompile Include="gui\tracepanel.cpp">
      <Filter>Source Files\gui</Filter>
    </ClCompile>
    <ClCompile Include="gui\custombase.cpp">
      <Filter>Source Files\gui</Filter>
    </ClCompile>
  </ItemGroup>
  <ItemGroup>
    <None Include="3rdparty\src\json\json_internalarray.inl">
      <Filter>Source Files\3rdparty\json</Filter>
    </None>
    <None Include="3rdparty\src\json\json_internalmap.inl">
      <Filter>Source Files\3rdparty\json</Filter>
    </None>
    <None Include="3rdparty\src\json\json_valueiterator.inl">
      <Filter>Source Files\3rdparty\json</Filter>
    </None>
  </ItemGroup>
</Project>